
Microsoft Visual Studio Solution File, Format Version 12.00
# Visual Studio Version 17
VisualStudioVersion = 17.6.33829.357
MinimumVisualStudioVersion = 10.0.40219.1
Project("{FAE04EC0-301F-11D3-BF4B-00C04F79EFBC}") = "stack", "stack\stack.csproj", "{D17EE064-59C7-44C8-9D0E-A32014B5BC49}"
EndProject
Global
	GlobalSection(SolutionConfigurationPlatforms) = preSolution
		Debug|Any CPU = Debug|Any CPU
		Release|Any CPU = Release|Any CPU
	EndGlobalSection
	GlobalSection(ProjectConfigurationPlatforms) = postSolution
		{D17EE064-59C7-44C8-9D0E-A32014B5BC49}.Debug|Any CPU.ActiveCfg = Debug|Any CPU
		{D17EE064-59C7-44C8-9D0E-A32014B5BC49}.Debug|Any CPU.Build.0 = Debug|Any CPU
		{D17EE064-59C7-44C8-9D0E-A32014B5BC49}.Release|Any CPU.ActiveCfg = Release|Any CPU
		{D17EE064-59C7-44C8-9D0E-A32014B5BC49}.Release|Any CPU.Build.0 = Release|Any CPU
	EndGlobalSection
	GlobalSection(SolutionProperties) = preSolution
		HideSolutionNode = FALSE
	EndGlobalSection
	GlobalSection(ExtensibilityGlobals) = postSolution
		SolutionGuid = {A6CFB381-7D32-442B-8CA8-E773D8B182AC}
	EndGlobalSection
EndGlobal
