
Microsoft Visual Studio Solution File, Format Version 12.00
# Visual Studio Version 17
VisualStudioVersion = 17.6.33829.357
MinimumVisualStudioVersion = 10.0.40219.1
Project("{FAE04EC0-301F-11D3-BF4B-00C04F79EFBC}") = "WebApplication2", "WebApplication2\WebApplication2.csproj", "{FD2A83C9-A83C-4D9B-A904-421B832B0E9A}"
EndProject
Global
	GlobalSection(SolutionConfigurationPlatforms) = preSolution
		Debug|Any CPU = Debug|Any CPU
		Release|Any CPU = Release|Any CPU
	EndGlobalSection
	GlobalSection(ProjectConfigurationPlatforms) = postSolution
		{FD2A83C9-A83C-4D9B-A904-421B832B0E9A}.Debug|Any CPU.ActiveCfg = Debug|Any CPU
		{FD2A83C9-A83C-4D9B-A904-421B832B0E9A}.Debug|Any CPU.Build.0 = Debug|Any CPU
		{FD2A83C9-A83C-4D9B-A904-421B832B0E9A}.Release|Any CPU.ActiveCfg = Release|Any CPU
		{FD2A83C9-A83C-4D9B-A904-421B832B0E9A}.Release|Any CPU.Build.0 = Release|Any CPU
	EndGlobalSection
	GlobalSection(SolutionProperties) = preSolution
		HideSolutionNode = FALSE
	EndGlobalSection
	GlobalSection(ExtensibilityGlobals) = postSolution
		SolutionGuid = {A2623308-A7CD-4321-86BF-6FFF4B5106D2}
	EndGlobalSection
EndGlobal
